<?xml version="1.0" encoding="utf-8"?>
<Project ToolsVersion="4.0" xmlns="http://schemas.microsoft.com/developer/msbuild/2003">
  <ItemGroup>
    <Filter Include="Source Files">
      <UniqueIdentifier>{4FC737F1-C7A5-4376-A066-2A32D752A2FF}</UniqueIdentifier>
      <Extensions>cpp;c;cc;cxx;c++;cppm;ixx;def;odl;idl;hpj;bat;asm;asmx</Extensions>
    </Filter>
    <Filter Include="Header Files">
      <UniqueIdentifier>{93995380-89BD-4b04-88EB-625FBE52EBFB}</UniqueIdentifier>
      <Extensions>h;hh;hpp;hxx;h++;hm;inl;inc;ipp;xsd</Extensions>
    </Filter>
    <Filter Include="Resource Files">
      <UniqueIdentifier>{67DA6AB6-F800-4c08-8B7A-83BB121AAD01}</UniqueIdentifier>
      <Extensions>rc;ico;cur;bmp;dlg;rc2;rct;bin;rgs;gif;jpg;jpeg;jpe;resx;tiff;tif;png;wav;mfcribbon-ms</Extensions>
    </Filter>
  </ItemGroup>
  <ItemGroup>
    <ClCompile Include="core\Application.cpp">
      <Filter>Source Files</Filter>
    </ClCompile>
    <ClCompile Include="utilities\Log.cpp">
      <Filter>Source Files</Filter>
    </ClCompile>
    <ClCompile Include="main.cpp">
      <Filter>Source Files</Filter>
    </ClCompile>
    <ClCompile Include="utilities\Assets.cpp">
      <Filter>Source Files</Filter>
    </ClCompile>
    <ClCompile Include="core\InputManager.cpp">
      <Filter>Source Files</Filter>
    </ClCompile>
    <ClCompile Include="ISystemManager.cpp">
      <Filter>Source Files</Filter>
    </ClCompile>
    <ClCompile Include="pipelines\StandardGraphicPipeline.cpp">
      <Filter>Source Files</Filter>
    </ClCompile>
    <ClCompile Include="utilities\Performance.cpp">
      <Filter>Source Files</Filter>
    </ClCompile>
    <ClCompile Include="scenes\GameScene.cpp">
      <Filter>Source Files</Filter>
    </ClCompile>
    <ClCompile Include="core\Texture.cpp">
      <Filter>Source Files</Filter>
    </ClCompile>
    <ClCompile Include="geometry\PlaneGeo.cpp">
      <Filter>Source Files</Filter>
    </ClCompile>
    <ClCompile Include="VulkanSmple.cpp">
      <Filter>Source Files</Filter>
    </ClCompile>
    <ClCompile Include="core\GeometryBuffer.cpp">
      <Filter>Source Files</Filter>
    </ClCompile>
    <ClCompile Include="cameras\CameraFPS.cpp">
      <Filter>Source Files</Filter>
    </ClCompile>
    <ClCompile Include="cameras\Camera.cpp">
      <Filter>Source Files</Filter>
    </ClCompile>
    <ClCompile Include="renderPasses\RenderPass.cpp">
      <Filter>Source Files</Filter>
    </ClCompile>
    <ClCompile Include="core\SwapChain.cpp">
      <Filter>Source Files</Filter>
    </ClCompile>
    <ClCompile Include="core\DeviceImage.cpp">
      <Filter>Source Files</Filter>
    </ClCompile>
    <ClCompile Include="core\CommandManager.cpp">
      <Filter>Source Files</Filter>
    </ClCompile>
    <ClCompile Include="systems\FontManager.cpp">
      <Filter>Source Files</Filter>
    </ClCompile>
    <ClCompile Include="meshes\CubeMesh.cpp">
      <Filter>Source Files</Filter>
    </ClCompile>
    <ClCompile Include="geometry\BoxGeo.cpp">
      <Filter>Source Files</Filter>
    </ClCompile>
    <ClCompile Include="geometry\GeoUtilities.cpp">
      <Filter>Source Files</Filter>
    </ClCompile>
    <ClCompile Include="meshes\PlanMesh.cpp">
      <Filter>Source Files</Filter>
    </ClCompile>
    <ClCompile Include="descriptorSets\StandartDescriptorSet.cpp">
      <Filter>Source Files</Filter>
    </ClCompile>
    <ClCompile Include="descriptorSets\DescriptorPoolManager.cpp">
      <Filter>Source Files</Filter>
    </ClCompile>
  </ItemGroup>
  <ItemGroup>
    <ClInclude Include="utilities\Log.h">
      <Filter>Header Files</Filter>
    </ClInclude>
    <ClInclude Include="core\Application.h">
      <Filter>Header Files</Filter>
    </ClInclude>
    <ClInclude Include="core\IVulkanApplication.h">
      <Filter>Header Files</Filter>
    </ClInclude>
    <ClInclude Include="utilities\Assets.h">
      <Filter>Header Files</Filter>
    </ClInclude>
    <ClInclude Include="core\InputManager.h">
      <Filter>Header Files</Filter>
    </ClInclude>
    <ClInclude Include="ISystemManager.h">
      <Filter>Header Files</Filter>
    </ClInclude>
    <ClInclude Include="pipelines\StandardGraphicPipeline.h">
      <Filter>Header Files</Filter>
    </ClInclude>
    <ClInclude Include="core\IGraphicPipeline.h">
      <Filter>Header Files</Filter>
    </ClInclude>
    <ClInclude Include="utilities\Performance.h">
      <Filter>Header Files</Filter>
    </ClInclude>
    <ClInclude Include="core\IScene.h">
      <Filter>Header Files</Filter>
    </ClInclude>
    <ClInclude Include="scenes\GameScene.h">
      <Filter>Header Files</Filter>
    </ClInclude>
    <ClInclude Include="core\Texture.h">
      <Filter>Header Files</Filter>
    </ClInclude>
    <ClInclude Include="geometry\PlaneGeo.h">
      <Filter>Header Files</Filter>
    </ClInclude>
    <ClInclude Include="core\GeometryBuffer.h">
      <Filter>Header Files</Filter>
    </ClInclude>
    <ClInclude Include="geometry\VertexTypes.h">
      <Filter>Header Files</Filter>
    </ClInclude>
    <ClInclude Include="cameras\CameraFPS.h">
      <Filter>Header Files</Filter>
    </ClInclude>
    <ClInclude Include="cameras\Camera.h">
      <Filter>Header Files</Filter>
    </ClInclude>
    <ClInclude Include="renderPasses\RenderPass.h">
      <Filter>Header Files</Filter>
    </ClInclude>
    <ClInclude Include="core\IDisposable.h">
      <Filter>Header Files</Filter>
    </ClInclude>
    <ClInclude Include="core\SwapChain.h">
      <Filter>Header Files</Filter>
    </ClInclude>
    <ClInclude Include="core\DeviceImage.h">
      <Filter>Header Files</Filter>
    </ClInclude>
    <ClInclude Include="core\CommandManager.h">
      <Filter>Header Files</Filter>
    </ClInclude>
    <ClInclude Include="systems\FontManager.h">
      <Filter>Header Files</Filter>
    </ClInclude>
    <ClInclude Include="meshes\CubeMesh.h">
      <Filter>Header Files</Filter>
    </ClInclude>
    <ClInclude Include="geometry\BoxGeo.h">
      <Filter>Header Files</Filter>
    </ClInclude>
    <ClInclude Include="geometry\GeoUtilities.h">
      <Filter>Header Files</Filter>
    </ClInclude>
    <ClInclude Include="meshes\PlanMesh.h">
      <Filter>Header Files</Filter>
    </ClInclude>
    <ClInclude Include="descriptorSets\StandartDescriptorSet.h">
      <Filter>Header Files</Filter>
    </ClInclude>
    <ClInclude Include="descriptorSets\DescriptorPoolManager.h">
      <Filter>Header Files</Filter>
    </ClInclude>
  </ItemGroup>
  <ItemGroup>
    <None Include="buildShader.bat">
      <Filter>Source Files</Filter>
    </None>
  </ItemGroup>
</Project>